
Microsoft Visual Studio Solution File, Format Version 12.00
# Visual Studio Version 17
VisualStudioVersion = 17.2.32526.322
MinimumVisualStudioVersion = 10.0.40219.1
Project("{FAE04EC0-301F-11D3-BF4B-00C04F79EFBC}") = "BookStore.API", "BookStore.API\BookStore.API.csproj", "{5AF163FE-E31B-442F-A784-890D3B33A29C}"
EndProject
Global
	GlobalSection(SolutionConfigurationPlatforms) = preSolution
		Debug|Any CPU = Debug|Any CPU
		Release|Any CPU = Release|Any CPU
	EndGlobalSection
	GlobalSection(ProjectConfigurationPlatforms) = postSolution
		{5AF163FE-E31B-442F-A784-890D3B33A29C}.Debug|Any CPU.ActiveCfg = Debug|Any CPU
		{5AF163FE-E31B-442F-A784-890D3B33A29C}.Debug|Any CPU.Build.0 = Debug|Any CPU
		{5AF163FE-E31B-442F-A784-890D3B33A29C}.Release|Any CPU.ActiveCfg = Release|Any CPU
		{5AF163FE-E31B-442F-A784-890D3B33A29C}.Release|Any CPU.Build.0 = Release|Any CPU
	EndGlobalSection
	GlobalSection(SolutionProperties) = preSolution
		HideSolutionNode = FALSE
	EndGlobalSection
	GlobalSection(ExtensibilityGlobals) = postSolution
		SolutionGuid = {7D92795E-6FF3-48ED-897A-D98A0561F750}
	EndGlobalSection
EndGlobal
